<?xml version="1.0" encoding="utf-8"?>
<Project ToolsVersion="4.0" xmlns="http://schemas.microsoft.com/developer/msbuild/2003">
  <ItemGroup>
    <Filter Include="crypto">
      <UniqueIdentifier>{1acc0b17-2053-4298-b82e-9467c4e863fd}</UniqueIdentifier>
    </Filter>
    <Filter Include="primitives">
      <UniqueIdentifier>{71d6533d-fab1-4a3e-a658-5482a83601b1}</UniqueIdentifier>
    </Filter>
    <Filter Include="consensus">
      <UniqueIdentifier>{fa608b1c-8677-43f5-bec5-4abf42a880a3}</UniqueIdentifier>
    </Filter>
    <Filter Include="util">
      <UniqueIdentifier>{6e3d4f10-8e62-46c6-9c30-a4b3b587111d}</UniqueIdentifier>
    </Filter>
    <Filter Include="univalue">
      <UniqueIdentifier>{18fbbe42-f4f8-43d5-a917-b72656fa57de}</UniqueIdentifier>
    </Filter>
    <Filter Include="compat">
      <UniqueIdentifier>{8c3eddaf-545e-4b65-a5cf-826586379e4f}</UniqueIdentifier>
    </Filter>
    <Filter Include="support">
      <UniqueIdentifier>{1d1c3a16-ba43-47cc-8c3a-00118a5e7c83}</UniqueIdentifier>
    </Filter>
    <Filter Include="secp256k1">
      <UniqueIdentifier>{47be9bb2-ea95-464b-9622-2226fd15ed9d}</UniqueIdentifier>
    </Filter>
  </ItemGroup>
  <ItemGroup>
    <ClInclude Include="..\..\src\consensus\amount.h">
      <Filter>consensus</Filter>
    </ClInclude>
    <ClInclude Include="..\..\src\primitives\block.h">
      <Filter>primitives</Filter>
    </ClInclude>
    <ClInclude Include="..\..\src\primitives\transaction.h">
      <Filter>primitives</Filter>
    </ClInclude>
    <ClInclude Include="..\..\src\uint256.h" />
    <ClInclude Include="..\..\src\util\spanparsing.h">
      <Filter>util</Filter>
    </ClInclude>
    <ClInclude Include="..\..\src\util\strencodings.h">
      <Filter>util</Filter>
    </ClInclude>
    <ClInclude Include="..\..\src\span.h" />
    <ClInclude Include="..\..\src\util\string.h">
      <Filter>util</Filter>
    </ClInclude>
    <ClInclude Include="..\..\src\univalue\include\univalue.h">
      <Filter>univalue</Filter>
    </ClInclude>
    <ClInclude Include="..\..\src\univalue\include\univalue_escapes.h">
      <Filter>univalue</Filter>
    </ClInclude>
    <ClInclude Include="..\..\src\univalue\include\univalue_utffilter.h">
      <Filter>univalue</Filter>
    </ClInclude>
    <ClInclude Include="..\..\src\base58.h" />
    <ClInclude Include="..\..\src\hash.h" />
    <ClInclude Include="..\..\src\compat\assumptions.h">
      <Filter>compat</Filter>
    </ClInclude>
    <ClInclude Include="..\..\src\compat\byteswap.h">
      <Filter>compat</Filter>
    </ClInclude>
    <ClInclude Include="..\..\src\compat\compat.h">
      <Filter>compat</Filter>
    </ClInclude>
    <ClInclude Include="..\..\src\compat\cpuid.h">
      <Filter>compat</Filter>
    </ClInclude>
    <ClInclude Include="..\..\src\compat\endian.h">
      <Filter>compat</Filter>
    </ClInclude>
    <ClInclude Include="..\..\src\compat\stdin.h">
      <Filter>compat</Filter>
    </ClInclude>
    <ClInclude Include="..\..\src\crypto\aes.h">
      <Filter>crypto</Filter>
    </ClInclude>
    <ClInclude Include="..\..\src\crypto\chacha_poly_aead.h">
      <Filter>crypto</Filter>
    </ClInclude>
    <ClInclude Include="..\..\src\crypto\chacha20.h">
      <Filter>crypto</Filter>
    </ClInclude>
    <ClInclude Include="..\..\src\crypto\common.h">
      <Filter>crypto</Filter>
    </ClInclude>
    <ClInclude Include="..\..\src\crypto\hkdf_sha256_32.h">
      <Filter>crypto</Filter>
    </ClInclude>
    <ClInclude Include="..\..\src\crypto\hmac_sha256.h">
      <Filter>crypto</Filter>
    </ClInclude>
    <ClInclude Include="..\..\src\crypto\hmac_sha512.h">
      <Filter>crypto</Filter>
    </ClInclude>
    <ClInclude Include="..\..\src\crypto\muhash.h">
      <Filter>crypto</Filter>
    </ClInclude>
    <ClInclude Include="..\..\src\crypto\poly1305.h">
      <Filter>crypto</Filter>
    </ClInclude>
    <ClInclude Include="..\..\src\crypto\ripemd160.h">
      <Filter>crypto</Filter>
    </ClInclude>
    <ClInclude Include="..\..\src\crypto\sha1.h">
      <Filter>crypto</Filter>
    </ClInclude>
    <ClInclude Include="..\..\src\crypto\sha3.h">
      <Filter>crypto</Filter>
    </ClInclude>
    <ClInclude Include="..\..\src\crypto\sha256.h">
      <Filter>crypto</Filter>
    </ClInclude>
    <ClInclude Include="..\..\src\crypto\sha512.h">
      <Filter>crypto</Filter>
    </ClInclude>
    <ClInclude Include="..\..\src\crypto\siphash.h">
      <Filter>crypto</Filter>
    </ClInclude>
    <ClInclude Include="..\..\src\support\allocators\secure.h">
      <Filter>support</Filter>
    </ClInclude>
    <ClInclude Include="..\..\src\support\allocators\zeroafterfree.h">
      <Filter>support</Filter>
    </ClInclude>
    <ClInclude Include="..\..\src\support\cleanse.h">
      <Filter>support</Filter>
    </ClInclude>
    <ClInclude Include="..\..\src\support\events.h">
      <Filter>support</Filter>
    </ClInclude>
    <ClInclude Include="..\..\src\support\lockedpool.h">
      <Filter>support</Filter>
    </ClInclude>
    <ClInclude Include="..\..\src\blockMgr.h" />
    <ClInclude Include="..\..\src\primitives\account.h">
      <Filter>primitives</Filter>
    </ClInclude>
  </ItemGroup>
  <ItemGroup>
    <ClCompile Include="..\..\src\primitives\block.cpp">
      <Filter>primitives</Filter>
    </ClCompile>
    <ClCompile Include="..\..\src\primitives\transaction.cpp">
      <Filter>primitives</Filter>
    </ClCompile>
    <ClCompile Include="main.cpp" />
    <ClCompile Include="..\..\src\uint256.cpp" />
    <ClCompile Include="..\..\src\util\spanparsing.cpp">
      <Filter>util</Filter>
    </ClCompile>
    <ClCompile Include="..\..\src\util\strencodings.cpp">
      <Filter>util</Filter>
    </ClCompile>
    <ClCompile Include="..\..\src\util\string.cpp">
      <Filter>util</Filter>
    </ClCompile>
    <ClCompile Include="..\..\src\univalue\lib\univalue.cpp">
      <Filter>univalue</Filter>
    </ClCompile>
    <ClCompile Include="..\..\src\univalue\lib\univalue_get.cpp">
      <Filter>univalue</Filter>
    </ClCompile>
    <ClCompile Include="..\..\src\univalue\lib\univalue_read.cpp">
      <Filter>univalue</Filter>
    </ClCompile>
    <ClCompile Include="..\..\src\univalue\lib\univalue_write.cpp">
      <Filter>univalue</Filter>
    </ClCompile>
    <ClCompile Include="..\..\src\base58.cpp" />
    <ClCompile Include="..\..\src\hash.cpp" />
    <ClCompile Include="..\..\src\compat\stdin.cpp">
      <Filter>compat</Filter>
    </ClCompile>
    <ClCompile Include="..\..\src\crypto\aes.cpp">
      <Filter>crypto</Filter>
    </ClCompile>
    <ClCompile Include="..\..\src\crypto\chacha_poly_aead.cpp">
      <Filter>crypto</Filter>
    </ClCompile>
    <ClCompile Include="..\..\src\crypto\chacha20.cpp">
      <Filter>crypto</Filter>
    </ClCompile>
    <ClCompile Include="..\..\src\crypto\hkdf_sha256_32.cpp">
      <Filter>crypto</Filter>
    </ClCompile>
    <ClCompile Include="..\..\src\crypto\hmac_sha256.cpp">
      <Filter>crypto</Filter>
    </ClCompile>
    <ClCompile Include="..\..\src\crypto\hmac_sha512.cpp">
      <Filter>crypto</Filter>
    </ClCompile>
    <ClCompile Include="..\..\src\crypto\muhash.cpp">
      <Filter>crypto</Filter>
    </ClCompile>
    <ClCompile Include="..\..\src\crypto\poly1305.cpp">
      <Filter>crypto</Filter>
    </ClCompile>
    <ClCompile Include="..\..\src\crypto\ripemd160.cpp">
      <Filter>crypto</Filter>
    </ClCompile>
    <ClCompile Include="..\..\src\crypto\sha1.cpp">
      <Filter>crypto</Filter>
    </ClCompile>
    <ClCompile Include="..\..\src\crypto\sha3.cpp">
      <Filter>crypto</Filter>
    </ClCompile>
    <ClCompile Include="..\..\src\crypto\sha256.cpp">
      <Filter>crypto</Filter>
    </ClCompile>
    <ClCompile Include="..\..\src\crypto\sha256_arm_shani.cpp">
      <Filter>crypto</Filter>
    </ClCompile>
    <ClCompile Include="..\..\src\crypto\sha256_avx2.cpp">
      <Filter>crypto</Filter>
    </ClCompile>
    <ClCompile Include="..\..\src\crypto\sha256_sse4.cpp">
      <Filter>crypto</Filter>
    </ClCompile>
    <ClCompile Include="..\..\src\crypto\sha256_sse41.cpp">
      <Filter>crypto</Filter>
    </ClCompile>
    <ClCompile Include="..\..\src\crypto\sha256_x86_shani.cpp">
      <Filter>crypto</Filter>
    </ClCompile>
    <ClCompile Include="..\..\src\crypto\sha512.cpp">
      <Filter>crypto</Filter>
    </ClCompile>
    <ClCompile Include="..\..\src\crypto\siphash.cpp">
      <Filter>crypto</Filter>
    </ClCompile>
    <ClCompile Include="..\..\src\support\cleanse.cpp">
      <Filter>support</Filter>
    </ClCompile>
    <ClCompile Include="..\..\src\support\lockedpool.cpp">
      <Filter>support</Filter>
    </ClCompile>
    <ClCompile Include="..\..\src\blockMgr.cpp" />
    <ClCompile Include="..\..\src\secp256k1\src\secp256k1.c">
      <Filter>secp256k1</Filter>
    </ClCompile>
    <ClCompile Include="..\..\src\secp256k1\src\precomputed_ecmult.c">
      <Filter>secp256k1</Filter>
    </ClCompile>
    <ClCompile Include="..\..\src\secp256k1\src\precomputed_ecmult_gen.c">
      <Filter>secp256k1</Filter>
    </ClCompile>
  </ItemGroup>
</Project>